Microsoft Visual Studio Solution File, Format Version 12.00
# Visual Studio Version 17
VisualStudioVersion = 17.0.32014.148
MinimumVisualStudioVersion = 10.0.40219.1
Project("{9A19103F-16F7-4668-BE54-9A1E7A4F7556}") = "KHSave.SaveEditor", "KHSave.SaveEditor\KHSave.SaveEditor.csproj", "{3F04C476-E496-4B96-959F-5C3B3EC4D4E4}"
EndProject
Project("{9A19103F-16F7-4668-BE54-9A1E7A4F7556}") = "KHSave.Tests", "KHSave.Tests\KHSave.Tests.csproj", "{A0A13F70-E37B-4D86-824C-61F3483A2CF8}"
EndProject
Project("{9A19103F-16F7-4668-BE54-9A1E7A4F7556}") = "KHSave", "KHSave\KHSave.csproj", "{66531854-A216-4F15-ABE5-F723EA257BF2}"
EndProject
Project("{2150E333-8FDC-42A3-9474-1A3956D46DE8}") = "XeEngine.Tools.Public", "XeEngine.Tools.Public", "{F556CBD8-76F3-45A3-9619-8FB81FA64C22}"
EndProject
Project("{9A19103F-16F7-4668-BE54-9A1E7A4F7556}") = "Xe", "XeEngine.Tools.Public\Xe\Xe.csproj", "{61D2474A-EDC5-4792-A4E6-7E935856617A}"
EndProject
Project("{9A19103F-16F7-4668-BE54-9A1E7A4F7556}") = "Xe.Drawing", "XeEngine.Tools.Public\Xe.Drawing\Xe.Drawing.csproj", "{9ECB58D2-3790-4693-8A40-FF2584F263E6}"
EndProject
Project("{9A19103F-16F7-4668-BE54-9A1E7A4F7556}") = "Xe.Tools", "XeEngine.Tools.Public\Xe.Tools\Xe.Tools.csproj", "{2F15C257-7E50-42B5-ADB4-7534B88F466B}"
EndProject
Project("{9A19103F-16F7-4668-BE54-9A1E7A4F7556}") = "Xe.Tools.Wpf", "XeEngine.Tools.Public\Xe.Tools.Wpf\Xe.Tools.Wpf.csproj", "{F6E4E1DF-ACC6-4DDE-912F-C6465CB3D393}"
EndProject
Project("{2150E333-8FDC-42A3-9474-1A3956D46DE8}") = "Documentation", "Documentation", "{ABFEAC30-491D-4FDE-A90C-C8E6107F67D5}"
	ProjectSection(SolutionItems) = preProject
		README.md = README.md
	EndProjectSection
EndProject
Project("{2150E333-8FDC-42A3-9474-1A3956D46DE8}") = "Xe.ReleaseUpdater", "Xe.ReleaseUpdater", "{A69D32C8-AA20-4871-858F-31D84193FA1C}"
EndProject
Project("{9A19103F-16F7-4668-BE54-9A1E7A4F7556}") = "Xe.VersionCheck", "Xe.ReleaseUpdater\Xe.VersionCheck\Xe.VersionCheck.csproj", "{F37CC0C9-BFE1-4563-87D8-960FE630E601}"
EndProject
Project("{9A19103F-16F7-4668-BE54-9A1E7A4F7556}") = "Xe.Http", "Xe.ReleaseUpdater\Xe.Http\Xe.Http.csproj", "{52E2ACD1-845A-41DC-8318-22A0A7274677}"
EndProject
Project("{9A19103F-16F7-4668-BE54-9A1E7A4F7556}") = "KHSave.Lib02", "KHSave.Lib02\KHSave.Lib02.csproj", "{FE823BD9-B309-49E6-85F1-ADAE55752B72}"
EndProject
Project("{9A19103F-16F7-4668-BE54-9A1E7A4F7556}") = "KHSave.Lib3", "KHSave.Lib3\KHSave.Lib3.csproj", "{7BA3EFB5-AF90-434E-9906-B5DAA82B09CA}"
EndProject
Project("{9A19103F-16F7-4668-BE54-9A1E7A4F7556}") = "KHSave.SaveEditor.Kh3", "KHSave.SaveEditor.Kh3\KHSave.SaveEditor.Kh3.csproj", "{873CD9B2-3984-44DD-A077-B5093714EC56}"
EndProject
Project("{9A19103F-16F7-4668-BE54-9A1E7A4F7556}") = "KHSave.SaveEditor.Common", "KHSave.SaveEditor.Common\KHSave.SaveEditor.Common.csproj", "{916C5797-18A6-4191-8FAA-4CA0B89E0BA9}"
EndProject
Project("{9A19103F-16F7-4668-BE54-9A1E7A4F7556}") = "KHSave.SaveEditor.Kh02", "KHSave.SaveEditor.Kh02\KHSave.SaveEditor.Kh02.csproj", "{13EEF3A1-A5EC-443E-B9D2-3F730D5BC52F}"
EndProject
Project("{9A19103F-16F7-4668-BE54-9A1E7A4F7556}") = "KHSave.Lib2", "KHSave.Lib2\KHSave.Lib2.csproj", "{BD00CBCE-D6CB-495D-BE43-0C803E21CEAD}"
EndProject
Project("{9A19103F-16F7-4668-BE54-9A1E7A4F7556}") = "KHSave.SaveEditor.Kh2", "KHSave.SaveEditor.Kh2\KHSave.SaveEditor.Kh2.csproj", "{D2D4FFF5-AFB2-4256-AC4D-2BDC57601A62}"
EndProject
Project("{9A19103F-16F7-4668-BE54-9A1E7A4F7556}") = "KHSave.Archives", "KHSave.Archives\KHSave.Archives.csproj", "{93FD8BB6-B750-4BD3-8143-043286DA1E22}"
EndProject
Project("{9A19103F-16F7-4668-BE54-9A1E7A4F7556}") = "KHSave.LibRecom", "KHSave.LibRecom\KHSave.LibRecom.csproj", "{E277131E-3A87-4087-821A-D1E54D3A4FA9}"
EndProject
Project("{9A19103F-16F7-4668-BE54-9A1E7A4F7556}") = "KHSave.SaveEditor.KhRecom", "KHSave.SaveEditor.KhRecom\KHSave.SaveEditor.KhRecom.csproj", "{947C9653-C8D7-4D95-BE62-8101A3C9D824}"
EndProject
Project("{9A19103F-16F7-4668-BE54-9A1E7A4F7556}") = "KHSave.LibFf7Remake", "KHSave.LibFf7Remake\KHSave.LibFf7Remake.csproj", "{A9686EC4-E5DB-4EE2-8EA3-F15A509A45E1}"
EndProject
Project("{9A19103F-16F7-4668-BE54-9A1E7A4F7556}") = "KHSave.SaveEditor.Ff7Remake", "KHSave.SaveEditor.Ff7Remake\KHSave.SaveEditor.Ff7Remake.csproj", "{8DB1B921-4190-4ED1-B2B0-C1A9B21B2C08}"
EndProject
Project("{9A19103F-16F7-4668-BE54-9A1E7A4F7556}") = "KHSave.SaveEditor.Kh1", "KHSave.SaveEditor.Kh1\KHSave.SaveEditor.Kh1.csproj", "{E168AAE0-7730-45FD-A059-6994DB237C85}"
EndProject
Project("{9A19103F-16F7-4668-BE54-9A1E7A4F7556}") = "KHSave.Lib1", "KHSave.Lib1\KHSave.Lib1.csproj", "{34CAFA86-2B8D-41D0-8218-5FEC87170E45}"
EndProject
Project("{9A19103F-16F7-4668-BE54-9A1E7A4F7556}") = "KHSave.LibBbs", "KHSave.LibBbs\KHSave.LibBbs.csproj", "{1A3285D7-5DC5-4135-9F38-503D6DB6469A}"
EndProject
Project("{9A19103F-16F7-4668-BE54-9A1E7A4F7556}") = "KHSave.SaveEditor.KhBbs", "KHSave.SaveEditor.KhBbs\KHSave.SaveEditor.KhBbs.csproj", "{EDD82FFB-2811-4364-AE3F-FD3EA0C54312}"
EndProject
Project("{9A19103F-16F7-4668-BE54-9A1E7A4F7556}") = "Tooling.MemoryWatcher", "Tooling.MemoryWatcher\Tooling.MemoryWatcher.csproj", "{58B80047-B051-49F8-99E0-2FC3FB34F39A}"
EndProject
Project("{9A19103F-16F7-4668-BE54-9A1E7A4F7556}") = "KHSave.LibPersona5", "KHSave.LibPersona5\KHSave.LibPersona5.csproj", "{BB70AF68-FE47-4A2C-A1A3-BF3A4ED83251}"
EndProject
Project("{9A19103F-16F7-4668-BE54-9A1E7A4F7556}") = "KHSave.SaveEditor.Persona5", "KHSave.SaveEditor.Persona5\KHSave.SaveEditor.Persona5.csproj", "{55C8BE35-B770-4FFF-92F8-1FD1792150F7}"
EndProject
Project("{9A19103F-16F7-4668-BE54-9A1E7A4F7556}") = "KHSave.LibDDD", "KHSave.LibDDD\KHSave.LibDDD.csproj", "{BABA96A7-BEF2-450E-8502-11D36163B691}"
EndProject
Project("{9A19103F-16F7-4668-BE54-9A1E7A4F7556}") = "KHSave.SaveEditor.KhDDD", "KHSave.SaveEditor.KhDDD\KHSave.SaveEditor.KhDDD.csproj", "{F85D2EEC-5C85-4443-B046-769F511ACB6F}"
EndProject
Project("{2150E333-8FDC-42A3-9474-1A3956D46DE8}") = "Solution Items", "Solution Items", "{112978EC-90BA-40A5-80D3-6457DD67CB64}"
	ProjectSection(SolutionItems) = preProject
		.editorconfig = .editorconfig
	EndProjectSection
EndProject
Project("{C7167F0D-BC9F-4E6E-AFE1-012C56B48DB5}") = "WindowsStoreSubmission", "WindowsStoreSubmission\WindowsStoreSubmission.wapproj", "{271D2B72-58A4-4357-8856-54E41E6B8CB8}"
EndProject
Global
	GlobalSection(SolutionConfigurationPlatforms) = preSolution
		Debug|Any CPU = Debug|Any CPU
		Debug|ARM = Debug|ARM
		Debug|ARM64 = Debug|ARM64
		Debug|x64 = Debug|x64
		Debug|x86 = Debug|x86
		Release|Any CPU = Release|Any CPU
		Release|ARM = Release|ARM
		Release|ARM64 = Release|ARM64
		Release|x64 = Release|x64
		Release|x86 = Release|x86
	EndGlobalSection
	GlobalSection(ProjectConfigurationPlatforms) = postSolution
		{3F04C476-E496-4B96-959F-5C3B3EC4D4E4}.Debug|Any CPU.ActiveCfg = Debug|Any CPU
		{3F04C476-E496-4B96-959F-5C3B3EC4D4E4}.Debug|Any CPU.Build.0 = Debug|Any CPU
		{3F04C476-E496-4B96-959F-5C3B3EC4D4E4}.Debug|ARM.ActiveCfg = Debug|Any CPU
		{3F04C476-E496-4B96-959F-5C3B3EC4D4E4}.Debug|ARM.Build.0 = Debug|Any CPU
		{3F04C476-E496-4B96-959F-5C3B3EC4D4E4}.Debug|ARM64.ActiveCfg = Debug|Any CPU
		{3F04C476-E496-4B96-959F-5C3B3EC4D4E4}.Debug|ARM64.Build.0 = Debug|Any CPU
		{3F04C476-E496-4B96-959F-5C3B3EC4D4E4}.Debug|x64.ActiveCfg = Debug|Any CPU
		{3F04C476-E496-4B96-959F-5C3B3EC4D4E4}.Debug|x64.Build.0 = Debug|Any CPU
		{3F04C476-E496-4B96-959F-5C3B3EC4D4E4}.Debug|x86.ActiveCfg = Debug|Any CPU
		{3F04C476-E496-4B96-959F-5C3B3EC4D4E4}.Debug|x86.Build.0 = Debug|Any CPU
		{3F04C476-E496-4B96-959F-5C3B3EC4D4E4}.Release|Any CPU.ActiveCfg = Release|Any CPU
		{3F04C476-E496-4B96-959F-5C3B3EC4D4E4}.Release|Any CPU.Build.0 = Release|Any CPU
		{3F04C476-E496-4B96-959F-5C3B3EC4D4E4}.Release|ARM.ActiveCfg = Release|Any CPU
		{3F04C476-E496-4B96-959F-5C3B3EC4D4E4}.Release|ARM.Build.0 = Release|Any CPU
		{3F04C476-E496-4B96-959F-5C3B3EC4D4E4}.Release|ARM64.ActiveCfg = Release|Any CPU
		{3F04C476-E496-4B96-959F-5C3B3EC4D4E4}.Release|ARM64.Build.0 = Release|Any CPU
		{3F04C476-E496-4B96-959F-5C3B3EC4D4E4}.Release|x64.ActiveCfg = Release|Any CPU
		{3F04C476-E496-4B96-959F-5C3B3EC4D4E4}.Release|x64.Build.0 = Release|Any CPU
		{3F04C476-E496-4B96-959F-5C3B3EC4D4E4}.Release|x86.ActiveCfg = Release|Any CPU
		{3F04C476-E496-4B96-959F-5C3B3EC4D4E4}.Release|x86.Build.0 = Release|Any CPU
		{A0A13F70-E37B-4D86-824C-61F3483A2CF8}.Debug|Any CPU.ActiveCfg = Debug|Any CPU
		{A0A13F70-E37B-4D86-824C-61F3483A2CF8}.Debug|Any CPU.Build.0 = Debug|Any CPU
		{A0A13F70-E37B-4D86-824C-61F3483A2CF8}.Debug|ARM.ActiveCfg = Debug|Any CPU
		{A0A13F70-E37B-4D86-824C-61F3483A2CF8}.Debug|ARM.Build.0 = Debug|Any CPU
		{A0A13F70-E37B-4D86-824C-61F3483A2CF8}.Debug|ARM64.ActiveCfg = Debug|Any CPU
		{A0A13F70-E37B-4D86-824C-61F3483A2CF8}.Debug|ARM64.Build.0 = Debug|Any CPU
		{A0A13F70-E37B-4D86-824C-61F3483A2CF8}.Debug|x64.ActiveCfg = Debug|Any CPU
		{A0A13F70-E37B-4D86-824C-61F3483A2CF8}.Debug|x64.Build.0 = Debug|Any CPU
		{A0A13F70-E37B-4D86-824C-61F3483A2CF8}.Debug|x86.ActiveCfg = Debug|Any CPU
		{A0A13F70-E37B-4D86-824C-61F3483A2CF8}.Debug|x86.Build.0 = Debug|Any CPU
		{A0A13F70-E37B-4D86-824C-61F3483A2CF8}.Release|Any CPU.ActiveCfg = Release|Any CPU
		{A0A13F70-E37B-4D86-824C-61F3483A2CF8}.Release|Any CPU.Build.0 = Release|Any CPU
		{A0A13F70-E37B-4D86-824C-61F3483A2CF8}.Release|ARM.ActiveCfg = Release|Any CPU
		{A0A13F70-E37B-4D86-824C-61F3483A2CF8}.Release|ARM.Build.0 = Release|Any CPU
		{A0A13F70-E37B-4D86-824C-61F3483A2CF8}.Release|ARM64.ActiveCfg = Release|Any CPU
		{A0A13F70-E37B-4D86-824C-61F3483A2CF8}.Release|ARM64.Build.0 = Release|Any CPU
		{A0A13F70-E37B-4D86-824C-61F3483A2CF8}.Release|x64.ActiveCfg = Release|Any CPU
		{A0A13F70-E37B-4D86-824C-61F3483A2CF8}.Release|x64.Build.0 = Release|Any CPU
		{A0A13F70-E37B-4D86-824C-61F3483A2CF8}.Release|x86.ActiveCfg = Release|Any CPU
		{A0A13F70-E37B-4D86-824C-61F3483A2CF8}.Release|x86.Build.0 = Release|Any CPU
		{66531854-A216-4F15-ABE5-F723EA257BF2}.Debug|Any CPU.ActiveCfg = Debug|Any CPU
		{66531854-A216-4F15-ABE5-F723EA257BF2}.Debug|Any CPU.Build.0 = Debug|Any CPU
		{66531854-A216-4F15-ABE5-F723EA257BF2}.Debug|ARM.ActiveCfg = Debug|Any CPU
		{66531854-A216-4F15-ABE5-F723EA257BF2}.Debug|ARM.Build.0 = Debug|Any CPU
		{66531854-A216-4F15-ABE5-F723EA257BF2}.Debug|ARM64.ActiveCfg = Debug|Any CPU
		{66531854-A216-4F15-ABE5-F723EA257BF2}.Debug|ARM64.Build.0 = Debug|Any CPU
		{66531854-A216-4F15-ABE5-F723EA257BF2}.Debug|x64.ActiveCfg = Debug|Any CPU
		{66531854-A216-4F15-ABE5-F723EA257BF2}.Debug|x64.Build.0 = Debug|Any CPU
		{66531854-A216-4F15-ABE5-F723EA257BF2}.Debug|x86.ActiveCfg = Debug|Any CPU
		{66531854-A216-4F15-ABE5-F723EA257BF2}.Debug|x86.Build.0 = Debug|Any CPU
		{66531854-A216-4F15-ABE5-F723EA257BF2}.Release|Any CPU.ActiveCfg = Release|Any CPU
		{66531854-A216-4F15-ABE5-F723EA257BF2}.Release|Any CPU.Build.0 = Release|Any CPU
		{66531854-A216-4F15-ABE5-F723EA257BF2}.Release|ARM.ActiveCfg = Release|Any CPU
		{66531854-A216-4F15-ABE5-F723EA257BF2}.Release|ARM.Build.0 = Release|Any CPU
		{66531854-A216-4F15-ABE5-F723EA257BF2}.Release|ARM64.ActiveCfg = Release|Any CPU
		{66531854-A216-4F15-ABE5-F723EA257BF2}.Release|ARM64.Build.0 = Release|Any CPU
		{66531854-A216-4F15-ABE5-F723EA257BF2}.Release|x64.ActiveCfg = Release|Any CPU
		{66531854-A216-4F15-ABE5-F723EA257BF2}.Release|x64.Build.0 = Release|Any CPU
		{66531854-A216-4F15-ABE5-F723EA257BF2}.Release|x86.ActiveCfg = Release|Any CPU
		{66531854-A216-4F15-ABE5-F723EA257BF2}.Release|x86.Build.0 = Release|Any CPU
		{61D2474A-EDC5-4792-A4E6-7E935856617A}.Debug|Any CPU.ActiveCfg = Debug|Any CPU
		{61D2474A-EDC5-4792-A4E6-7E935856617A}.Debug|Any CPU.Build.0 = Debug|Any CPU
		{61D2474A-EDC5-4792-A4E6-7E935856617A}.Debug|ARM.ActiveCfg = Debug|Any CPU
		{61D2474A-EDC5-4792-A4E6-7E935856617A}.Debug|ARM64.ActiveCfg = Debug|Any CPU
		{61D2474A-EDC5-4792-A4E6-7E935856617A}.Debug|x64.ActiveCfg = Debug|Any CPU
		{61D2474A-EDC5-4792-A4E6-7E935856617A}.Debug|x86.ActiveCfg = Debug|Any CPU
		{61D2474A-EDC5-4792-A4E6-7E935856617A}.Release|Any CPU.ActiveCfg = Release|Any CPU
		{61D2474A-EDC5-4792-A4E6-7E935856617A}.Release|Any CPU.Build.0 = Release|Any CPU
		{61D2474A-EDC5-4792-A4E6-7E935856617A}.Release|ARM.ActiveCfg = Release|Any CPU
		{61D2474A-EDC5-4792-A4E6-7E935856617A}.Release|ARM64.ActiveCfg = Release|Any CPU
		{61D2474A-EDC5-4792-A4E6-7E935856617A}.Release|x64.ActiveCfg = Release|Any CPU
		{61D2474A-EDC5-4792-A4E6-7E935856617A}.Release|x86.ActiveCfg = Release|Any CPU
		{9ECB58D2-3790-4693-8A40-FF2584F263E6}.Debug|Any CPU.ActiveCfg = Debug|Any CPU
		{9ECB58D2-3790-4693-8A40-FF2584F263E6}.Debug|Any CPU.Build.0 = Debug|Any CPU
		{9ECB58D2-3790-4693-8A40-FF2584F263E6}.Debug|ARM.ActiveCfg = Debug|Any CPU
		{9ECB58D2-3790-4693-8A40-FF2584F263E6}.Debug|ARM64.ActiveCfg = Debug|Any CPU
		{9ECB58D2-3790-4693-8A40-FF2584F263E6}.Debug|x64.ActiveCfg = Debug|Any CPU
		{9ECB58D2-3790-4693-8A40-FF2584F263E6}.Debug|x86.ActiveCfg = Debug|Any CPU
		{9ECB58D2-3790-4693-8A40-FF2584F263E6}.Release|Any CPU.ActiveCfg = Release|Any CPU
		{9ECB58D2-3790-4693-8A40-FF2584F263E6}.Release|Any CPU.Build.0 = Release|Any CPU
		{9ECB58D2-3790-4693-8A40-FF2584F263E6}.Release|ARM.ActiveCfg = Release|Any CPU
		{9ECB58D2-3790-4693-8A40-FF2584F263E6}.Release|ARM64.ActiveCfg = Release|Any CPU
		{9ECB58D2-3790-4693-8A40-FF2584F263E6}.Release|x64.ActiveCfg = Release|Any CPU
		{9ECB58D2-3790-4693-8A40-FF2584F263E6}.Release|x86.ActiveCfg = Release|Any CPU
		{2F15C257-7E50-42B5-ADB4-7534B88F466B}.Debug|Any CPU.ActiveCfg = Debug|Any CPU
		{2F15C257-7E50-42B5-ADB4-7534B88F466B}.Debug|Any CPU.Build.0 = Debug|Any CPU
		{2F15C257-7E50-42B5-ADB4-7534B88F466B}.Debug|ARM.ActiveCfg = Debug|Any CPU
		{2F15C257-7E50-42B5-ADB4-7534B88F466B}.Debug|ARM64.ActiveCfg = Debug|Any CPU
		{2F15C257-7E50-42B5-ADB4-7534B88F466B}.Debug|x64.ActiveCfg = Debug|Any CPU
		{2F15C257-7E50-42B5-ADB4-7534B88F466B}.Debug|x86.ActiveCfg = Debug|Any CPU
		{2F15C257-7E50-42B5-ADB4-7534B88F466B}.Release|Any CPU.ActiveCfg = Release|Any CPU
		{2F15C257-7E50-42B5-ADB4-7534B88F466B}.Release|Any CPU.Build.0 = Release|Any CPU
		{2F15C257-7E50-42B5-ADB4-7534B88F466B}.Release|ARM.ActiveCfg = Release|Any CPU
		{2F15C257-7E50-42B5-ADB4-7534B88F466B}.Release|ARM64.ActiveCfg = Release|Any CPU
		{2F15C257-7E50-42B5-ADB4-7534B88F466B}.Release|x64.ActiveCfg = Release|Any CPU
		{2F15C257-7E50-42B5-ADB4-7534B88F466B}.Release|x86.ActiveCfg = Release|Any CPU
		{F6E4E1DF-ACC6-4DDE-912F-C6465CB3D393}.Debug|Any CPU.ActiveCfg = Debug|Any CPU
		{F6E4E1DF-ACC6-4DDE-912F-C6465CB3D393}.Debug|Any CPU.Build.0 = Debug|Any CPU
		{F6E4E1DF-ACC6-4DDE-912F-C6465CB3D393}.Debug|ARM.ActiveCfg = Debug|Any CPU
		{F6E4E1DF-ACC6-4DDE-912F-C6465CB3D393}.Debug|ARM64.ActiveCfg = Debug|Any CPU
		{F6E4E1DF-ACC6-4DDE-912F-C6465CB3D393}.Debug|x64.ActiveCfg = Debug|Any CPU
		{F6E4E1DF-ACC6-4DDE-912F-C6465CB3D393}.Debug|x86.ActiveCfg = Debug|Any CPU
		{F6E4E1DF-ACC6-4DDE-912F-C6465CB3D393}.Release|Any CPU.ActiveCfg = Release|Any CPU
		{F6E4E1DF-ACC6-4DDE-912F-C6465CB3D393}.Release|Any CPU.Build.0 = Release|Any CPU
		{F6E4E1DF-ACC6-4DDE-912F-C6465CB3D393}.Release|ARM.ActiveCfg = Release|Any CPU
		{F6E4E1DF-ACC6-4DDE-912F-C6465CB3D393}.Release|ARM64.ActiveCfg = Release|Any CPU
		{F6E4E1DF-ACC6-4DDE-912F-C6465CB3D393}.Release|x64.ActiveCfg = Release|Any CPU
		{F6E4E1DF-ACC6-4DDE-912F-C6465CB3D393}.Release|x86.ActiveCfg = Release|Any CPU
		{F37CC0C9-BFE1-4563-87D8-960FE630E601}.Debug|Any CPU.ActiveCfg = Debug|Any CPU
		{F37CC0C9-BFE1-4563-87D8-960FE630E601}.Debug|Any CPU.Build.0 = Debug|Any CPU
		{F37CC0C9-BFE1-4563-87D8-960FE630E601}.Debug|ARM.ActiveCfg = Debug|Any CPU
		{F37CC0C9-BFE1-4563-87D8-960FE630E601}.Debug|ARM64.ActiveCfg = Debug|Any CPU
		{F37CC0C9-BFE1-4563-87D8-960FE630E601}.Debug|x64.ActiveCfg = Debug|Any CPU
		{F37CC0C9-BFE1-4563-87D8-960FE630E601}.Debug|x86.ActiveCfg = Debug|Any CPU
		{F37CC0C9-BFE1-4563-87D8-960FE630E601}.Release|Any CPU.ActiveCfg = Release|Any CPU
		{F37CC0C9-BFE1-4563-87D8-960FE630E601}.Release|Any CPU.Build.0 = Release|Any CPU
		{F37CC0C9-BFE1-4563-87D8-960FE630E601}.Release|ARM.ActiveCfg = Release|Any CPU
		{F37CC0C9-BFE1-4563-87D8-960FE630E601}.Release|ARM64.ActiveCfg = Release|Any CPU
		{F37CC0C9-BFE1-4563-87D8-960FE630E601}.Release|x64.ActiveCfg = Release|Any CPU
		{F37CC0C9-BFE1-4563-87D8-960FE630E601}.Release|x86.ActiveCfg = Release|Any CPU
		{52E2ACD1-845A-41DC-8318-22A0A7274677}.Debug|Any CPU.ActiveCfg = Debug|Any CPU
		{52E2ACD1-845A-41DC-8318-22A0A7274677}.Debug|Any CPU.Build.0 = Debug|Any CPU
		{52E2ACD1-845A-41DC-8318-22A0A7274677}.Debug|ARM.ActiveCfg = Debug|Any CPU
		{52E2ACD1-845A-41DC-8318-22A0A7274677}.Debug|ARM64.ActiveCfg = Debug|Any CPU
		{52E2ACD1-845A-41DC-8318-22A0A7274677}.Debug|x64.ActiveCfg = Debug|Any CPU
		{52E2ACD1-845A-41DC-8318-22A0A7274677}.Debug|x86.ActiveCfg = Debug|Any CPU
		{52E2ACD1-845A-41DC-8318-22A0A7274677}.Release|Any CPU.ActiveCfg = Release|Any CPU
		{52E2ACD1-845A-41DC-8318-22A0A7274677}.Release|Any CPU.Build.0 = Release|Any CPU
		{52E2ACD1-845A-41DC-8318-22A0A7274677}.Release|ARM.ActiveCfg = Release|Any CPU
		{52E2ACD1-845A-41DC-8318-22A0A7274677}.Release|ARM64.ActiveCfg = Release|Any CPU
		{52E2ACD1-845A-41DC-8318-22A0A7274677}.Release|x64.ActiveCfg = Release|Any CPU
		{52E2ACD1-845A-41DC-8318-22A0A7274677}.Release|x86.ActiveCfg = Release|Any CPU
		{FE823BD9-B309-49E6-85F1-ADAE55752B72}.Debug|Any CPU.ActiveCfg = Debug|Any CPU
		{FE823BD9-B309-49E6-85F1-ADAE55752B72}.Debug|Any CPU.Build.0 = Debug|Any CPU
		{FE823BD9-B309-49E6-85F1-ADAE55752B72}.Debug|ARM.ActiveCfg = Debug|Any CPU
		{FE823BD9-B309-49E6-85F1-ADAE55752B72}.Debug|ARM.Build.0 = Debug|Any CPU
		{FE823BD9-B309-49E6-85F1-ADAE55752B72}.Debug|ARM64.ActiveCfg = Debug|Any CPU
		{FE823BD9-B309-49E6-85F1-ADAE55752B72}.Debug|ARM64.Build.0 = Debug|Any CPU
		{FE823BD9-B309-49E6-85F1-ADAE55752B72}.Debug|x64.ActiveCfg = Debug|Any CPU
		{FE823BD9-B309-49E6-85F1-ADAE55752B72}.Debug|x64.Build.0 = Debug|Any CPU
		{FE823BD9-B309-49E6-85F1-ADAE55752B72}.Debug|x86.ActiveCfg = Debug|Any CPU
		{FE823BD9-B309-49E6-85F1-ADAE55752B72}.Debug|x86.Build.0 = Debug|Any CPU
		{FE823BD9-B309-49E6-85F1-ADAE55752B72}.Release|Any CPU.ActiveCfg = Release|Any CPU
		{FE823BD9-B309-49E6-85F1-ADAE55752B72}.Release|Any CPU.Build.0 = Release|Any CPU
		{FE823BD9-B309-49E6-85F1-ADAE55752B72}.Release|ARM.ActiveCfg = Release|Any CPU
		{FE823BD9-B309-49E6-85F1-ADAE55752B72}.Release|ARM.Build.0 = Release|Any CPU
		{FE823BD9-B309-49E6-85F1-ADAE55752B72}.Release|ARM64.ActiveCfg = Release|Any CPU
		{FE823BD9-B309-49E6-85F1-ADAE55752B72}.Release|ARM64.Build.0 = Release|Any CPU
		{FE823BD9-B309-49E6-85F1-ADAE55752B72}.Release|x64.ActiveCfg = Release|Any CPU
		{FE823BD9-B309-49E6-85F1-ADAE55752B72}.Release|x64.Build.0 = Release|Any CPU
		{FE823BD9-B309-49E6-85F1-ADAE55752B72}.Release|x86.ActiveCfg = Release|Any CPU
		{FE823BD9-B309-49E6-85F1-ADAE55752B72}.Release|x86.Build.0 = Release|Any CPU
		{7BA3EFB5-AF90-434E-9906-B5DAA82B09CA}.Debug|Any CPU.ActiveCfg = Debug|Any CPU
		{7BA3EFB5-AF90-434E-9906-B5DAA82B09CA}.Debug|Any CPU.Build.0 = Debug|Any CPU
		{7BA3EFB5-AF90-434E-9906-B5DAA82B09CA}.Debug|ARM.ActiveCfg = Debug|Any CPU
		{7BA3EFB5-AF90-434E-9906-B5DAA82B09CA}.Debug|ARM.Build.0 = Debug|Any CPU
		{7BA3EFB5-AF90-434E-9906-B5DAA82B09CA}.Debug|ARM64.ActiveCfg = Debug|Any CPU
		{7BA3EFB5-AF90-434E-9906-B5DAA82B09CA}.Debug|ARM64.Build.0 = Debug|Any CPU
		{7BA3EFB5-AF90-434E-9906-B5DAA82B09CA}.Debug|x64.ActiveCfg = Debug|Any CPU
		{7BA3EFB5-AF90-434E-9906-B5DAA82B09CA}.Debug|x64.Build.0 = Debug|Any CPU
		{7BA3EFB5-AF90-434E-9906-B5DAA82B09CA}.Debug|x86.ActiveCfg = Debug|Any CPU
		{7BA3EFB5-AF90-434E-9906-B5DAA82B09CA}.Debug|x86.Build.0 = Debug|Any CPU
		{7BA3EFB5-AF90-434E-9906-B5DAA82B09CA}.Release|Any CPU.ActiveCfg = Release|Any CPU
		{7BA3EFB5-AF90-434E-9906-B5DAA82B09CA}.Release|Any CPU.Build.0 = Release|Any CPU
		{7BA3EFB5-AF90-434E-9906-B5DAA82B09CA}.Release|ARM.ActiveCfg = Release|Any CPU
		{7BA3EFB5-AF90-434E-9906-B5DAA82B09CA}.Release|ARM.Build.0 = Release|Any CPU
		{7BA3EFB5-AF90-434E-9906-B5DAA82B09CA}.Release|ARM64.ActiveCfg = Release|Any CPU
		{7BA3EFB5-AF90-434E-9906-B5DAA82B09CA}.Release|ARM64.Build.0 = Release|Any CPU
		{7BA3EFB5-AF90-434E-9906-B5DAA82B09CA}.Release|x64.ActiveCfg = Release|Any CPU
		{7BA3EFB5-AF90-434E-9906-B5DAA82B09CA}.Release|x64.Build.0 = Release|Any CPU
		{7BA3EFB5-AF90-434E-9906-B5DAA82B09CA}.Release|x86.ActiveCfg = Release|Any CPU
		{7BA3EFB5-AF90-434E-9906-B5DAA82B09CA}.Release|x86.Build.0 = Release|Any CPU
		{873CD9B2-3984-44DD-A077-B5093714EC56}.Debug|Any CPU.ActiveCfg = Debug|Any CPU
		{873CD9B2-3984-44DD-A077-B5093714EC56}.Debug|Any CPU.Build.0 = Debug|Any CPU
		{873CD9B2-3984-44DD-A077-B5093714EC56}.Debug|ARM.ActiveCfg = Debug|Any CPU
		{873CD9B2-3984-44DD-A077-B5093714EC56}.Debug|ARM.Build.0 = Debug|Any CPU
		{873CD9B2-3984-44DD-A077-B5093714EC56}.Debug|ARM64.ActiveCfg = Debug|Any CPU
		{873CD9B2-3984-44DD-A077-B5093714EC56}.Debug|ARM64.Build.0 = Debug|Any CPU
		{873CD9B2-3984-44DD-A077-B5093714EC56}.Debug|x64.ActiveCfg = Debug|Any CPU
		{873CD9B2-3984-44DD-A077-B5093714EC56}.Debug|x64.Build.0 = Debug|Any CPU
		{873CD9B2-3984-44DD-A077-B5093714EC56}.Debug|x86.ActiveCfg = Debug|Any CPU
		{873CD9B2-3984-44DD-A077-B5093714EC56}.Debug|x86.Build.0 = Debug|Any CPU
		{873CD9B2-3984-44DD-A077-B5093714EC56}.Release|Any CPU.ActiveCfg = Release|Any CPU
		{873CD9B2-3984-44DD-A077-B5093714EC56}.Release|Any CPU.Build.0 = Release|Any CPU
		{873CD9B2-3984-44DD-A077-B5093714EC56}.Release|ARM.ActiveCfg = Release|Any CPU
		{873CD9B2-3984-44DD-A077-B5093714EC56}.Release|ARM.Build.0 = Release|Any CPU
		{873CD9B2-3984-44DD-A077-B5093714EC56}.Release|ARM64.ActiveCfg = Release|Any CPU
		{873CD9B2-3984-44DD-A077-B5093714EC56}.Release|ARM64.Build.0 = Release|Any CPU
		{873CD9B2-3984-44DD-A077-B5093714EC56}.Release|x64.ActiveCfg = Release|Any CPU
		{873CD9B2-3984-44DD-A077-B5093714EC56}.Release|x64.Build.0 = Release|Any CPU
		{873CD9B2-3984-44DD-A077-B5093714EC56}.Release|x86.ActiveCfg = Release|Any CPU
		{873CD9B2-3984-44DD-A077-B5093714EC56}.Release|x86.Build.0 = Release|Any CPU
		{916C5797-18A6-4191-8FAA-4CA0B89E0BA9}.Debug|Any CPU.ActiveCfg = Debug|Any CPU
		{916C5797-18A6-4191-8FAA-4CA0B89E0BA9}.Debug|Any CPU.Build.0 = Debug|Any CPU
		{916C5797-18A6-4191-8FAA-4CA0B89E0BA9}.Debug|ARM.ActiveCfg = Debug|Any CPU
		{916C5797-18A6-4191-8FAA-4CA0B89E0BA9}.Debug|ARM.Build.0 = Debug|Any CPU
		{916C5797-18A6-4191-8FAA-4CA0B89E0BA9}.Debug|ARM64.ActiveCfg = Debug|Any CPU
		{916C5797-18A6-4191-8FAA-4CA0B89E0BA9}.Debug|ARM64.Build.0 = Debug|Any CPU
		{916C5797-18A6-4191-8FAA-4CA0B89E0BA9}.Debug|x64.ActiveCfg = Debug|Any CPU
		{916C5797-18A6-4191-8FAA-4CA0B89E0BA9}.Debug|x64.Build.0 = Debug|Any CPU
		{916C5797-18A6-4191-8FAA-4CA0B89E0BA9}.Debug|x86.ActiveCfg = Debug|Any CPU
		{916C5797-18A6-4191-8FAA-4CA0B89E0BA9}.Debug|x86.Build.0 = Debug|Any CPU
		{916C5797-18A6-4191-8FAA-4CA0B89E0BA9}.Release|Any CPU.ActiveCfg = Release|Any CPU
		{916C5797-18A6-4191-8FAA-4CA0B89E0BA9}.Release|Any CPU.Build.0 = Release|Any CPU
		{916C5797-18A6-4191-8FAA-4CA0B89E0BA9}.Release|ARM.ActiveCfg = Release|Any CPU
		{916C5797-18A6-4191-8FAA-4CA0B89E0BA9}.Release|ARM.Build.0 = Release|Any CPU
		{916C5797-18A6-4191-8FAA-4CA0B89E0BA9}.Release|ARM64.ActiveCfg = Release|Any CPU
		{916C5797-18A6-4191-8FAA-4CA0B89E0BA9}.Release|ARM64.Build.0 = Release|Any CPU
		{916C5797-18A6-4191-8FAA-4CA0B89E0BA9}.Release|x64.ActiveCfg = Release|Any CPU
		{916C5797-18A6-4191-8FAA-4CA0B89E0BA9}.Release|x64.Build.0 = Release|Any CPU
		{916C5797-18A6-4191-8FAA-4CA0B89E0BA9}.Release|x86.ActiveCfg = Release|Any CPU
		{916C5797-18A6-4191-8FAA-4CA0B89E0BA9}.Release|x86.Build.0 = Release|Any CPU
		{13EEF3A1-A5EC-443E-B9D2-3F730D5BC52F}.Debug|Any CPU.ActiveCfg = Debug|Any CPU
		{13EEF3A1-A5EC-443E-B9D2-3F730D5BC52F}.Debug|Any CPU.Build.0 = Debug|Any CPU
		{13EEF3A1-A5EC-443E-B9D2-3F730D5BC52F}.Debug|ARM.ActiveCfg = Debug|Any CPU
		{13EEF3A1-A5EC-443E-B9D2-3F730D5BC52F}.Debug|ARM.Build.0 = Debug|Any CPU
		{13EEF3A1-A5EC-443E-B9D2-3F730D5BC52F}.Debug|ARM64.ActiveCfg = Debug|Any CPU
		{13EEF3A1-A5EC-443E-B9D2-3F730D5BC52F}.Debug|ARM64.Build.0 = Debug|Any CPU
		{13EEF3A1-A5EC-443E-B9D2-3F730D5BC52F}.Debug|x64.ActiveCfg = Debug|Any CPU
		{13EEF3A1-A5EC-443E-B9D2-3F730D5BC52F}.Debug|x64.Build.0 = Debug|Any CPU
		{13EEF3A1-A5EC-443E-B9D2-3F730D5BC52F}.Debug|x86.ActiveCfg = Debug|Any CPU
		{13EEF3A1-A5EC-443E-B9D2-3F730D5BC52F}.Debug|x86.Build.0 = Debug|Any CPU
		{13EEF3A1-A5EC-443E-B9D2-3F730D5BC52F}.Release|Any CPU.ActiveCfg = Release|Any CPU
		{13EEF3A1-A5EC-443E-B9D2-3F730D5BC52F}.Release|Any CPU.Build.0 = Release|Any CPU
		{13EEF3A1-A5EC-443E-B9D2-3F730D5BC52F}.Release|ARM.ActiveCfg = Release|Any CPU
		{13EEF3A1-A5EC-443E-B9D2-3F730D5BC52F}.Release|ARM.Build.0 = Release|Any CPU
		{13EEF3A1-A5EC-443E-B9D2-3F730D5BC52F}.Release|ARM64.ActiveCfg = Release|Any CPU
		{13EEF3A1-A5EC-443E-B9D2-3F730D5BC52F}.Release|ARM64.Build.0 = Release|Any CPU
		{13EEF3A1-A5EC-443E-B9D2-3F730D5BC52F}.Release|x64.ActiveCfg = Release|Any CPU
		{13EEF3A1-A5EC-443E-B9D2-3F730D5BC52F}.Release|x64.Build.0 = Release|Any CPU
		{13EEF3A1-A5EC-443E-B9D2-3F730D5BC52F}.Release|x86.ActiveCfg = Release|Any CPU
		{13EEF3A1-A5EC-443E-B9D2-3F730D5BC52F}.Release|x86.Build.0 = Release|Any CPU
		{BD00CBCE-D6CB-495D-BE43-0C803E21CEAD}.Debug|Any CPU.ActiveCfg = Debug|Any CPU
		{BD00CBCE-D6CB-495D-BE43-0C803E21CEAD}.Debug|Any CPU.Build.0 = Debug|Any CPU
		{BD00CBCE-D6CB-495D-BE43-0C803E21CEAD}.Debug|ARM.ActiveCfg = Debug|Any CPU
		{BD00CBCE-D6CB-495D-BE43-0C803E21CEAD}.Debug|ARM.Build.0 = Debug|Any CPU
		{BD00CBCE-D6CB-495D-BE43-0C803E21CEAD}.Debug|ARM64.ActiveCfg = Debug|Any CPU
		{BD00CBCE-D6CB-495D-BE43-0C803E21CEAD}.Debug|ARM64.Build.0 = Debug|Any CPU
		{BD00CBCE-D6CB-495D-BE43-0C803E21CEAD}.Debug|x64.ActiveCfg = Debug|Any CPU
		{BD00CBCE-D6CB-495D-BE43-0C803E21CEAD}.Debug|x64.Build.0 = Debug|Any CPU
		{BD00CBCE-D6CB-495D-BE43-0C803E21CEAD}.Debug|x86.ActiveCfg = Debug|Any CPU
		{BD00CBCE-D6CB-495D-BE43-0C803E21CEAD}.Debug|x86.Build.0 = Debug|Any CPU
		{BD00CBCE-D6CB-495D-BE43-0C803E21CEAD}.Release|Any CPU.ActiveCfg = Release|Any CPU
		{BD00CBCE-D6CB-495D-BE43-0C803E21CEAD}.Release|Any CPU.Build.0 = Release|Any CPU
		{BD00CBCE-D6CB-495D-BE43-0C803E21CEAD}.Release|ARM.ActiveCfg = Release|Any CPU
		{BD00CBCE-D6CB-495D-BE43-0C803E21CEAD}.Release|ARM.Build.0 = Release|Any CPU
		{BD00CBCE-D6CB-495D-BE43-0C803E21CEAD}.Release|ARM64.ActiveCfg = Release|Any CPU
		{BD00CBCE-D6CB-495D-BE43-0C803E21CEAD}.Release|ARM64.Build.0 = Release|Any CPU
		{BD00CBCE-D6CB-495D-BE43-0C803E21CEAD}.Release|x64.ActiveCfg = Release|Any CPU
		{BD00CBCE-D6CB-495D-BE43-0C803E21CEAD}.Release|x64.Build.0 = Release|Any CPU
		{BD00CBCE-D6CB-495D-BE43-0C803E21CEAD}.Release|x86.ActiveCfg = Release|Any CPU
		{BD00CBCE-D6CB-495D-BE43-0C803E21CEAD}.Release|x86.Build.0 = Release|Any CPU
		{D2D4FFF5-AFB2-4256-AC4D-2BDC57601A62}.Debug|Any CPU.ActiveCfg = Debug|Any CPU
		{D2D4FFF5-AFB2-4256-AC4D-2BDC57601A62}.Debug|Any CPU.Build.0 = Debug|Any CPU
		{D2D4FFF5-AFB2-4256-AC4D-2BDC57601A62}.Debug|ARM.ActiveCfg = Debug|Any CPU
		{D2D4FFF5-AFB2-4256-AC4D-2BDC57601A62}.Debug|ARM.Build.0 = Debug|Any CPU
		{D2D4FFF5-AFB2-4256-AC4D-2BDC57601A62}.Debug|ARM64.ActiveCfg = Debug|Any CPU
		{D2D4FFF5-AFB2-4256-AC4D-2BDC57601A62}.Debug|ARM64.Build.0 = Debug|Any CPU
		{D2D4FFF5-AFB2-4256-AC4D-2BDC57601A62}.Debug|x64.ActiveCfg = Debug|Any CPU
		{D2D4FFF5-AFB2-4256-AC4D-2BDC57601A62}.Debug|x64.Build.0 = Debug|Any CPU
		{D2D4FFF5-AFB2-4256-AC4D-2BDC57601A62}.Debug|x86.ActiveCfg = Debug|Any CPU
		{D2D4FFF5-AFB2-4256-AC4D-2BDC57601A62}.Debug|x86.Build.0 = Debug|Any CPU
		{D2D4FFF5-AFB2-4256-AC4D-2BDC57601A62}.Release|Any CPU.ActiveCfg = Release|Any CPU
		{D2D4FFF5-AFB2-4256-AC4D-2BDC57601A62}.Release|Any CPU.Build.0 = Release|Any CPU
		{D2D4FFF5-AFB2-4256-AC4D-2BDC57601A62}.Release|ARM.ActiveCfg = Release|Any CPU
		{D2D4FFF5-AFB2-4256-AC4D-2BDC57601A62}.Release|ARM.Build.0 = Release|Any CPU
		{D2D4FFF5-AFB2-4256-AC4D-2BDC57601A62}.Release|ARM64.ActiveCfg = Release|Any CPU
		{D2D4FFF5-AFB2-4256-AC4D-2BDC57601A62}.Release|ARM64.Build.0 = Release|Any CPU
		{D2D4FFF5-AFB2-4256-AC4D-2BDC57601A62}.Release|x64.ActiveCfg = Release|Any CPU
		{D2D4FFF5-AFB2-4256-AC4D-2BDC57601A62}.Release|x64.Build.0 = Release|Any CPU
		{D2D4FFF5-AFB2-4256-AC4D-2BDC57601A62}.Release|x86.ActiveCfg = Release|Any CPU
		{D2D4FFF5-AFB2-4256-AC4D-2BDC57601A62}.Release|x86.Build.0 = Release|Any CPU
		{93FD8BB6-B750-4BD3-8143-043286DA1E22}.Debug|Any CPU.ActiveCfg = Debug|Any CPU
		{93FD8BB6-B750-4BD3-8143-043286DA1E22}.Debug|Any CPU.Build.0 = Debug|Any CPU
		{93FD8BB6-B750-4BD3-8143-043286DA1E22}.Debug|ARM.ActiveCfg = Debug|Any CPU
		{93FD8BB6-B750-4BD3-8143-043286DA1E22}.Debug|ARM.Build.0 = Debug|Any CPU
		{93FD8BB6-B750-4BD3-8143-043286DA1E22}.Debug|ARM64.ActiveCfg = Debug|Any CPU
		{93FD8BB6-B750-4BD3-8143-043286DA1E22}.Debug|ARM64.Build.0 = Debug|Any CPU
		{93FD8BB6-B750-4BD3-8143-043286DA1E22}.Debug|x64.ActiveCfg = Debug|Any CPU
		{93FD8BB6-B750-4BD3-8143-043286DA1E22}.Debug|x64.Build.0 = Debug|Any CPU
		{93FD8BB6-B750-4BD3-8143-043286DA1E22}.Debug|x86.ActiveCfg = Debug|Any CPU
		{93FD8BB6-B750-4BD3-8143-043286DA1E22}.Debug|x86.Build.0 = Debug|Any CPU
		{93FD8BB6-B750-4BD3-8143-043286DA1E22}.Release|Any CPU.ActiveCfg = Release|Any CPU
		{93FD8BB6-B750-4BD3-8143-043286DA1E22}.Release|Any CPU.Build.0 = Release|Any CPU
		{93FD8BB6-B750-4BD3-8143-043286DA1E22}.Release|ARM.ActiveCfg = Release|Any CPU
		{93FD8BB6-B750-4BD3-8143-043286DA1E22}.Release|ARM.Build.0 = Release|Any CPU
		{93FD8BB6-B750-4BD3-8143-043286DA1E22}.Release|ARM64.ActiveCfg = Release|Any CPU
		{93FD8BB6-B750-4BD3-8143-043286DA1E22}.Release|ARM64.Build.0 = Release|Any CPU
		{93FD8BB6-B750-4BD3-8143-043286DA1E22}.Release|x64.ActiveCfg = Release|Any CPU
		{93FD8BB6-B750-4BD3-8143-043286DA1E22}.Release|x64.Build.0 = Release|Any CPU
		{93FD8BB6-B750-4BD3-8143-043286DA1E22}.Release|x86.ActiveCfg = Release|Any CPU
		{93FD8BB6-B750-4BD3-8143-043286DA1E22}.Release|x86.Build.0 = Release|Any CPU
		{E277131E-3A87-4087-821A-D1E54D3A4FA9}.Debug|Any CPU.ActiveCfg = Debug|Any CPU
		{E277131E-3A87-4087-821A-D1E54D3A4FA9}.Debug|Any CPU.Build.0 = Debug|Any CPU
		{E277131E-3A87-4087-821A-D1E54D3A4FA9}.Debug|ARM.ActiveCfg = Debug|Any CPU
		{E277131E-3A87-4087-821A-D1E54D3A4FA9}.Debug|ARM.Build.0 = Debug|Any CPU
		{E277131E-3A87-4087-821A-D1E54D3A4FA9}.Debug|ARM64.ActiveCfg = Debug|Any CPU
		{E277131E-3A87-4087-821A-D1E54D3A4FA9}.Debug|ARM64.Build.0 = Debug|Any CPU
		{E277131E-3A87-4087-821A-D1E54D3A4FA9}.Debug|x64.ActiveCfg = Debug|Any CPU
		{E277131E-3A87-4087-821A-D1E54D3A4FA9}.Debug|x64.Build.0 = Debug|Any CPU
		{E277131E-3A87-4087-821A-D1E54D3A4FA9}.Debug|x86.ActiveCfg = Debug|Any CPU
		{E277131E-3A87-4087-821A-D1E54D3A4FA9}.Debug|x86.Build.0 = Debug|Any CPU
		{E277131E-3A87-4087-821A-D1E54D3A4FA9}.Release|Any CPU.ActiveCfg = Release|Any CPU
		{E277131E-3A87-4087-821A-D1E54D3A4FA9}.Release|Any CPU.Build.0 = Release|Any CPU
		{E277131E-3A87-4087-821A-D1E54D3A4FA9}.Release|ARM.ActiveCfg = Release|Any CPU
		{E277131E-3A87-4087-821A-D1E54D3A4FA9}.Release|ARM.Build.0 = Release|Any CPU
		{E277131E-3A87-4087-821A-D1E54D3A4FA9}.Release|ARM64.ActiveCfg = Release|Any CPU
		{E277131E-3A87-4087-821A-D1E54D3A4FA9}.Release|ARM64.Build.0 = Release|Any CPU
		{E277131E-3A87-4087-821A-D1E54D3A4FA9}.Release|x64.ActiveCfg = Release|Any CPU
		{E277131E-3A87-4087-821A-D1E54D3A4FA9}.Release|x64.Build.0 = Release|Any CPU
		{E277131E-3A87-4087-821A-D1E54D3A4FA9}.Release|x86.ActiveCfg = Release|Any CPU
		{E277131E-3A87-4087-821A-D1E54D3A4FA9}.Release|x86.Build.0 = Release|Any CPU
		{947C9653-C8D7-4D95-BE62-8101A3C9D824}.Debug|Any CPU.ActiveCfg = Debug|Any CPU
		{947C9653-C8D7-4D95-BE62-8101A3C9D824}.Debug|Any CPU.Build.0 = Debug|Any CPU
		{947C9653-C8D7-4D95-BE62-8101A3C9D824}.Debug|ARM.ActiveCfg = Debug|Any CPU
		{947C9653-C8D7-4D95-BE62-8101A3C9D824}.Debug|ARM.Build.0 = Debug|Any CPU
		{947C9653-C8D7-4D95-BE62-8101A3C9D824}.Debug|ARM64.ActiveCfg = Debug|Any CPU
		{947C9653-C8D7-4D95-BE62-8101A3C9D824}.Debug|ARM64.Build.0 = Debug|Any CPU
		{947C9653-C8D7-4D95-BE62-8101A3C9D824}.Debug|x64.ActiveCfg = Debug|Any CPU
		{947C9653-C8D7-4D95-BE62-8101A3C9D824}.Debug|x64.Build.0 = Debug|Any CPU
		{947C9653-C8D7-4D95-BE62-8101A3C9D824}.Debug|x86.ActiveCfg = Debug|Any CPU
		{947C9653-C8D7-4D95-BE62-8101A3C9D824}.Debug|x86.Build.0 = Debug|Any CPU
		{947C9653-C8D7-4D95-BE62-8101A3C9D824}.Release|Any CPU.ActiveCfg = Release|Any CPU
		{947C9653-C8D7-4D95-BE62-8101A3C9D824}.Release|Any CPU.Build.0 = Release|Any CPU
		{947C9653-C8D7-4D95-BE62-8101A3C9D824}.Release|ARM.ActiveCfg = Release|Any CPU
		{947C9653-C8D7-4D95-BE62-8101A3C9D824}.Release|ARM.Build.0 = Release|Any CPU
		{947C9653-C8D7-4D95-BE62-8101A3C9D824}.Release|ARM64.ActiveCfg = Release|Any CPU
		{947C9653-C8D7-4D95-BE62-8101A3C9D824}.Release|ARM64.Build.0 = Release|Any CPU
		{947C9653-C8D7-4D95-BE62-8101A3C9D824}.Release|x64.ActiveCfg = Release|Any CPU
		{947C9653-C8D7-4D95-BE62-8101A3C9D824}.Release|x64.Build.0 = Release|Any CPU
		{947C9653-C8D7-4D95-BE62-8101A3C9D824}.Release|x86.ActiveCfg = Release|Any CPU
		{947C9653-C8D7-4D95-BE62-8101A3C9D824}.Release|x86.Build.0 = Release|Any CPU
		{A9686EC4-E5DB-4EE2-8EA3-F15A509A45E1}.Debug|Any CPU.ActiveCfg = Debug|Any CPU
		{A9686EC4-E5DB-4EE2-8EA3-F15A509A45E1}.Debug|Any CPU.Build.0 = Debug|Any CPU
		{A9686EC4-E5DB-4EE2-8EA3-F15A509A45E1}.Debug|ARM.ActiveCfg = Debug|Any CPU
		{A9686EC4-E5DB-4EE2-8EA3-F15A509A45E1}.Debug|ARM.Build.0 = Debug|Any CPU
		{A9686EC4-E5DB-4EE2-8EA3-F15A509A45E1}.Debug|ARM64.ActiveCfg = Debug|Any CPU
		{A9686EC4-E5DB-4EE2-8EA3-F15A509A45E1}.Debug|ARM64.Build.0 = Debug|Any CPU
		{A9686EC4-E5DB-4EE2-8EA3-F15A509A45E1}.Debug|x64.ActiveCfg = Debug|Any CPU
		{A9686EC4-E5DB-4EE2-8EA3-F15A509A45E1}.Debug|x64.Build.0 = Debug|Any CPU
		{A9686EC4-E5DB-4EE2-8EA3-F15A509A45E1}.Debug|x86.ActiveCfg = Debug|Any CPU
		{A9686EC4-E5DB-4EE2-8EA3-F15A509A45E1}.Debug|x86.Build.0 = Debug|Any CPU
		{A9686EC4-E5DB-4EE2-8EA3-F15A509A45E1}.Release|Any CPU.ActiveCfg = Release|Any CPU
		{A9686EC4-E5DB-4EE2-8EA3-F15A509A45E1}.Release|Any CPU.Build.0 = Release|Any CPU
		{A9686EC4-E5DB-4EE2-8EA3-F15A509A45E1}.Release|ARM.ActiveCfg = Release|Any CPU
		{A9686EC4-E5DB-4EE2-8EA3-F15A509A45E1}.Release|ARM.Build.0 = Release|Any CPU
		{A9686EC4-E5DB-4EE2-8EA3-F15A509A45E1}.Release|ARM64.ActiveCfg = Release|Any CPU
		{A9686EC4-E5DB-4EE2-8EA3-F15A509A45E1}.Release|ARM64.Build.0 = Release|Any CPU
		{A9686EC4-E5DB-4EE2-8EA3-F15A509A45E1}.Release|x64.ActiveCfg = Release|Any CPU
		{A9686EC4-E5DB-4EE2-8EA3-F15A509A45E1}.Release|x64.Build.0 = Release|Any CPU
		{A9686EC4-E5DB-4EE2-8EA3-F15A509A45E1}.Release|x86.ActiveCfg = Release|Any CPU
		{A9686EC4-E5DB-4EE2-8EA3-F15A509A45E1}.Release|x86.Build.0 = Release|Any CPU
		{8DB1B921-4190-4ED1-B2B0-C1A9B21B2C08}.Debug|Any CPU.ActiveCfg = Debug|Any CPU
		{8DB1B921-4190-4ED1-B2B0-C1A9B21B2C08}.Debug|Any CPU.Build.0 = Debug|Any CPU
		{8DB1B921-4190-4ED1-B2B0-C1A9B21B2C08}.Debug|ARM.ActiveCfg = Debug|Any CPU
		{8DB1B921-4190-4ED1-B2B0-C1A9B21B2C08}.Debug|ARM.Build.0 = Debug|Any CPU
		{8DB1B921-4190-4ED1-B2B0-C1A9B21B2C08}.Debug|ARM64.ActiveCfg = Debug|Any CPU
		{8DB1B921-4190-4ED1-B2B0-C1A9B21B2C08}.Debug|ARM64.Build.0 = Debug|Any CPU
		{8DB1B921-4190-4ED1-B2B0-C1A9B21B2C08}.Debug|x64.ActiveCfg = Debug|Any CPU
		{8DB1B921-4190-4ED1-B2B0-C1A9B21B2C08}.Debug|x64.Build.0 = Debug|Any CPU
		{8DB1B921-4190-4ED1-B2B0-C1A9B21B2C08}.Debug|x86.ActiveCfg = Debug|Any CPU
		{8DB1B921-4190-4ED1-B2B0-C1A9B21B2C08}.Debug|x86.Build.0 = Debug|Any CPU
		{8DB1B921-4190-4ED1-B2B0-C1A9B21B2C08}.Release|Any CPU.ActiveCfg = Release|Any CPU
		{8DB1B921-4190-4ED1-B2B0-C1A9B21B2C08}.Release|Any CPU.Build.0 = Release|Any CPU
		{8DB1B921-4190-4ED1-B2B0-C1A9B21B2C08}.Release|ARM.ActiveCfg = Release|Any CPU
		{8DB1B921-4190-4ED1-B2B0-C1A9B21B2C08}.Release|ARM.Build.0 = Release|Any CPU
		{8DB1B921-4190-4ED1-B2B0-C1A9B21B2C08}.Release|ARM64.ActiveCfg = Release|Any CPU
		{8DB1B921-4190-4ED1-B2B0-C1A9B21B2C08}.Release|ARM64.Build.0 = Release|Any CPU
		{8DB1B921-4190-4ED1-B2B0-C1A9B21B2C08}.Release|x64.ActiveCfg = Release|Any CPU
		{8DB1B921-4190-4ED1-B2B0-C1A9B21B2C08}.Release|x64.Build.0 = Release|Any CPU
		{8DB1B921-4190-4ED1-B2B0-C1A9B21B2C08}.Release|x86.ActiveCfg = Release|Any CPU
		{8DB1B921-4190-4ED1-B2B0-C1A9B21B2C08}.Release|x86.Build.0 = Release|Any CPU
		{E168AAE0-7730-45FD-A059-6994DB237C85}.Debug|Any CPU.ActiveCfg = Debug|Any CPU
		{E168AAE0-7730-45FD-A059-6994DB237C85}.Debug|Any CPU.Build.0 = Debug|Any CPU
		{E168AAE0-7730-45FD-A059-6994DB237C85}.Debug|ARM.ActiveCfg = Debug|Any CPU
		{E168AAE0-7730-45FD-A059-6994DB237C85}.Debug|ARM.Build.0 = Debug|Any CPU
		{E168AAE0-7730-45FD-A059-6994DB237C85}.Debug|ARM64.ActiveCfg = Debug|Any CPU
		{E168AAE0-7730-45FD-A059-6994DB237C85}.Debug|ARM64.Build.0 = Debug|Any CPU
		{E168AAE0-7730-45FD-A059-6994DB237C85}.Debug|x64.ActiveCfg = Debug|Any CPU
		{E168AAE0-7730-45FD-A059-6994DB237C85}.Debug|x64.Build.0 = Debug|Any CPU
		{E168AAE0-7730-45FD-A059-6994DB237C85}.Debug|x86.ActiveCfg = Debug|Any CPU
		{E168AAE0-7730-45FD-A059-6994DB237C85}.Debug|x86.Build.0 = Debug|Any CPU
		{E168AAE0-7730-45FD-A059-6994DB237C85}.Release|Any CPU.ActiveCfg = Release|Any CPU
		{E168AAE0-7730-45FD-A059-6994DB237C85}.Release|Any CPU.Build.0 = Release|Any CPU
		{E168AAE0-7730-45FD-A059-6994DB237C85}.Release|ARM.ActiveCfg = Release|Any CPU
		{E168AAE0-7730-45FD-A059-6994DB237C85}.Release|ARM.Build.0 = Release|Any CPU
		{E168AAE0-7730-45FD-A059-6994DB237C85}.Release|ARM64.ActiveCfg = Release|Any CPU
		{E168AAE0-7730-45FD-A059-6994DB237C85}.Release|ARM64.Build.0 = Release|Any CPU
		{E168AAE0-7730-45FD-A059-6994DB237C85}.Release|x64.ActiveCfg = Release|Any CPU
		{E168AAE0-7730-45FD-A059-6994DB237C85}.Release|x64.Build.0 = Release|Any CPU
		{E168AAE0-7730-45FD-A059-6994DB237C85}.Release|x86.ActiveCfg = Release|Any CPU
		{E168AAE0-7730-45FD-A059-6994DB237C85}.Release|x86.Build.0 = Release|Any CPU
		{34CAFA86-2B8D-41D0-8218-5FEC87170E45}.Debug|Any CPU.ActiveCfg = Debug|Any CPU
		{34CAFA86-2B8D-41D0-8218-5FEC87170E45}.Debug|Any CPU.Build.0 = Debug|Any CPU
		{34CAFA86-2B8D-41D0-8218-5FEC87170E45}.Debug|ARM.ActiveCfg = Debug|Any CPU
		{34CAFA86-2B8D-41D0-8218-5FEC87170E45}.Debug|ARM.Build.0 = Debug|Any CPU
		{34CAFA86-2B8D-41D0-8218-5FEC87170E45}.Debug|ARM64.ActiveCfg = Debug|Any CPU
		{34CAFA86-2B8D-41D0-8218-5FEC87170E45}.Debug|ARM64.Build.0 = Debug|Any CPU
		{34CAFA86-2B8D-41D0-8218-5FEC87170E45}.Debug|x64.ActiveCfg = Debug|Any CPU
		{34CAFA86-2B8D-41D0-8218-5FEC87170E45}.Debug|x64.Build.0 = Debug|Any CPU
		{34CAFA86-2B8D-41D0-8218-5FEC87170E45}.Debug|x86.ActiveCfg = Debug|Any CPU
		{34CAFA86-2B8D-41D0-8218-5FEC87170E45}.Debug|x86.Build.0 = Debug|Any CPU
		{34CAFA86-2B8D-41D0-8218-5FEC87170E45}.Release|Any CPU.ActiveCfg = Release|Any CPU
		{34CAFA86-2B8D-41D0-8218-5FEC87170E45}.Release|Any CPU.Build.0 = Release|Any CPU
		{34CAFA86-2B8D-41D0-8218-5FEC87170E45}.Release|ARM.ActiveCfg = Release|Any CPU
		{34CAFA86-2B8D-41D0-8218-5FEC87170E45}.Release|ARM.Build.0 = Release|Any CPU
		{34CAFA86-2B8D-41D0-8218-5FEC87170E45}.Release|ARM64.ActiveCfg = Release|Any CPU
		{34CAFA86-2B8D-41D0-8218-5FEC87170E45}.Release|ARM64.Build.0 = Release|Any CPU
		{34CAFA86-2B8D-41D0-8218-5FEC87170E45}.Release|x64.ActiveCfg = Release|Any CPU
		{34CAFA86-2B8D-41D0-8218-5FEC87170E45}.Release|x64.Build.0 = Release|Any CPU
		{34CAFA86-2B8D-41D0-8218-5FEC87170E45}.Release|x86.ActiveCfg = Release|Any CPU
		{34CAFA86-2B8D-41D0-8218-5FEC87170E45}.Release|x86.Build.0 = Release|Any CPU
		{1A3285D7-5DC5-4135-9F38-503D6DB6469A}.Debug|Any CPU.ActiveCfg = Debug|Any CPU
		{1A3285D7-5DC5-4135-9F38-503D6DB6469A}.Debug|Any CPU.Build.0 = Debug|Any CPU
		{1A3285D7-5DC5-4135-9F38-503D6DB6469A}.Debug|ARM.ActiveCfg = Debug|Any CPU
		{1A3285D7-5DC5-4135-9F38-503D6DB6469A}.Debug|ARM.Build.0 = Debug|Any CPU
		{1A3285D7-5DC5-4135-9F38-503D6DB6469A}.Debug|ARM64.ActiveCfg = Debug|Any CPU
		{1A3285D7-5DC5-4135-9F38-503D6DB6469A}.Debug|ARM64.Build.0 = Debug|Any CPU
		{1A3285D7-5DC5-4135-9F38-503D6DB6469A}.Debug|x64.ActiveCfg = Debug|Any CPU
		{1A3285D7-5DC5-4135-9F38-503D6DB6469A}.Debug|x64.Build.0 = Debug|Any CPU
		{1A3285D7-5DC5-4135-9F38-503D6DB6469A}.Debug|x86.ActiveCfg = Debug|Any CPU
		{1A3285D7-5DC5-4135-9F38-503D6DB6469A}.Debug|x86.Build.0 = Debug|Any CPU
		{1A3285D7-5DC5-4135-9F38-503D6DB6469A}.Release|Any CPU.ActiveCfg = Release|Any CPU
		{1A3285D7-5DC5-4135-9F38-503D6DB6469A}.Release|Any CPU.Build.0 = Release|Any CPU
		{1A3285D7-5DC5-4135-9F38-503D6DB6469A}.Release|ARM.ActiveCfg = Release|Any CPU
		{1A3285D7-5DC5-4135-9F38-503D6DB6469A}.Release|ARM.Build.0 = Release|Any CPU
		{1A3285D7-5DC5-4135-9F38-503D6DB6469A}.Release|ARM64.ActiveCfg = Release|Any CPU
		{1A3285D7-5DC5-4135-9F38-503D6DB6469A}.Release|ARM64.Build.0 = Release|Any CPU
		{1A3285D7-5DC5-4135-9F38-503D6DB6469A}.Release|x64.ActiveCfg = Release|Any CPU
		{1A3285D7-5DC5-4135-9F38-503D6DB6469A}.Release|x64.Build.0 = Release|Any CPU
		{1A3285D7-5DC5-4135-9F38-503D6DB6469A}.Release|x86.ActiveCfg = Release|Any CPU
		{1A3285D7-5DC5-4135-9F38-503D6DB6469A}.Release|x86.Build.0 = Release|Any CPU
		{EDD82FFB-2811-4364-AE3F-FD3EA0C54312}.Debug|Any CPU.ActiveCfg = Debug|Any CPU
		{EDD82FFB-2811-4364-AE3F-FD3EA0C54312}.Debug|Any CPU.Build.0 = Debug|Any CPU
		{EDD82FFB-2811-4364-AE3F-FD3EA0C54312}.Debug|ARM.ActiveCfg = Debug|Any CPU
		{EDD82FFB-2811-4364-AE3F-FD3EA0C54312}.Debug|ARM.Build.0 = Debug|Any CPU
		{EDD82FFB-2811-4364-AE3F-FD3EA0C54312}.Debug|ARM64.ActiveCfg = Debug|Any CPU
		{EDD82FFB-2811-4364-AE3F-FD3EA0C54312}.Debug|ARM64.Build.0 = Debug|Any CPU
		{EDD82FFB-2811-4364-AE3F-FD3EA0C54312}.Debug|x64.ActiveCfg = Debug|Any CPU
		{EDD82FFB-2811-4364-AE3F-FD3EA0C54312}.Debug|x64.Build.0 = Debug|Any CPU
		{EDD82FFB-2811-4364-AE3F-FD3EA0C54312}.Debug|x86.ActiveCfg = Debug|Any CPU
		{EDD82FFB-2811-4364-AE3F-FD3EA0C54312}.Debug|x86.Build.0 = Debug|Any CPU
		{EDD82FFB-2811-4364-AE3F-FD3EA0C54312}.Release|Any CPU.ActiveCfg = Release|Any CPU
		{EDD82FFB-2811-4364-AE3F-FD3EA0C54312}.Release|Any CPU.Build.0 = Release|Any CPU
		{EDD82FFB-2811-4364-AE3F-FD3EA0C54312}.Release|ARM.ActiveCfg = Release|Any CPU
		{EDD82FFB-2811-4364-AE3F-FD3EA0C54312}.Release|ARM.Build.0 = Release|Any CPU
		{EDD82FFB-2811-4364-AE3F-FD3EA0C54312}.Release|ARM64.ActiveCfg = Release|Any CPU
		{EDD82FFB-2811-4364-AE3F-FD3EA0C54312}.Release|ARM64.Build.0 = Release|Any CPU
		{EDD82FFB-2811-4364-AE3F-FD3EA0C54312}.Release|x64.ActiveCfg = Release|Any CPU
		{EDD82FFB-2811-4364-AE3F-FD3EA0C54312}.Release|x64.Build.0 = Release|Any CPU
		{EDD82FFB-2811-4364-AE3F-FD3EA0C54312}.Release|x86.ActiveCfg = Release|Any CPU
		{EDD82FFB-2811-4364-AE3F-FD3EA0C54312}.Release|x86.Build.0 = Release|Any CPU
		{58B80047-B051-49F8-99E0-2FC3FB34F39A}.Debug|Any CPU.ActiveCfg = Debug|Any CPU
		{58B80047-B051-49F8-99E0-2FC3FB34F39A}.Debug|Any CPU.Build.0 = Debug|Any CPU
		{58B80047-B051-49F8-99E0-2FC3FB34F39A}.Debug|ARM.ActiveCfg = Debug|Any CPU
		{58B80047-B051-49F8-99E0-2FC3FB34F39A}.Debug|ARM.Build.0 = Debug|Any CPU
		{58B80047-B051-49F8-99E0-2FC3FB34F39A}.Debug|ARM64.ActiveCfg = Debug|Any CPU
		{58B80047-B051-49F8-99E0-2FC3FB34F39A}.Debug|ARM64.Build.0 = Debug|Any CPU
		{58B80047-B051-49F8-99E0-2FC3FB34F39A}.Debug|x64.ActiveCfg = Debug|Any CPU
		{58B80047-B051-49F8-99E0-2FC3FB34F39A}.Debug|x64.Build.0 = Debug|Any CPU
		{58B80047-B051-49F8-99E0-2FC3FB34F39A}.Debug|x86.ActiveCfg = Debug|Any CPU
		{58B80047-B051-49F8-99E0-2FC3FB34F39A}.Debug|x86.Build.0 = Debug|Any CPU
		{58B80047-B051-49F8-99E0-2FC3FB34F39A}.Release|Any CPU.ActiveCfg = Release|Any CPU
		{58B80047-B051-49F8-99E0-2FC3FB34F39A}.Release|Any CPU.Build.0 = Release|Any CPU
		{58B80047-B051-49F8-99E0-2FC3FB34F39A}.Release|ARM.ActiveCfg = Release|Any CPU
		{58B80047-B051-49F8-99E0-2FC3FB34F39A}.Release|ARM.Build.0 = Release|Any CPU
		{58B80047-B051-49F8-99E0-2FC3FB34F39A}.Release|ARM64.ActiveCfg = Release|Any CPU
		{58B80047-B051-49F8-99E0-2FC3FB34F39A}.Release|ARM64.Build.0 = Release|Any CPU
		{58B80047-B051-49F8-99E0-2FC3FB34F39A}.Release|x64.ActiveCfg = Release|Any CPU
		{58B80047-B051-49F8-99E0-2FC3FB34F39A}.Release|x64.Build.0 = Release|Any CPU
		{58B80047-B051-49F8-99E0-2FC3FB34F39A}.Release|x86.ActiveCfg = Release|Any CPU
		{58B80047-B051-49F8-99E0-2FC3FB34F39A}.Release|x86.Build.0 = Release|Any CPU
		{BB70AF68-FE47-4A2C-A1A3-BF3A4ED83251}.Debug|Any CPU.ActiveCfg = Debug|Any CPU
		{BB70AF68-FE47-4A2C-A1A3-BF3A4ED83251}.Debug|Any CPU.Build.0 = Debug|Any CPU
		{BB70AF68-FE47-4A2C-A1A3-BF3A4ED83251}.Debug|ARM.ActiveCfg = Debug|Any CPU
		{BB70AF68-FE47-4A2C-A1A3-BF3A4ED83251}.Debug|ARM.Build.0 = Debug|Any CPU
		{BB70AF68-FE47-4A2C-A1A3-BF3A4ED83251}.Debug|ARM64.ActiveCfg = Debug|Any CPU
		{BB70AF68-FE47-4A2C-A1A3-BF3A4ED83251}.Debug|ARM64.Build.0 = Debug|Any CPU
		{BB70AF68-FE47-4A2C-A1A3-BF3A4ED83251}.Debug|x64.ActiveCfg = Debug|Any CPU
		{BB70AF68-FE47-4A2C-A1A3-BF3A4ED83251}.Debug|x64.Build.0 = Debug|Any CPU
		{BB70AF68-FE47-4A2C-A1A3-BF3A4ED83251}.Debug|x86.ActiveCfg = Debug|Any CPU
		{BB70AF68-FE47-4A2C-A1A3-BF3A4ED83251}.Debug|x86.Build.0 = Debug|Any CPU
		{BB70AF68-FE47-4A2C-A1A3-BF3A4ED83251}.Release|Any CPU.ActiveCfg = Release|Any CPU
		{BB70AF68-FE47-4A2C-A1A3-BF3A4ED83251}.Release|Any CPU.Build.0 = Release|Any CPU
		{BB70AF68-FE47-4A2C-A1A3-BF3A4ED83251}.Release|ARM.ActiveCfg = Release|Any CPU
		{BB70AF68-FE47-4A2C-A1A3-BF3A4ED83251}.Release|ARM.Build.0 = Release|Any CPU
		{BB70AF68-FE47-4A2C-A1A3-BF3A4ED83251}.Release|ARM64.ActiveCfg = Release|Any CPU
		{BB70AF68-FE47-4A2C-A1A3-BF3A4ED83251}.Release|ARM64.Build.0 = Release|Any CPU
		{BB70AF68-FE47-4A2C-A1A3-BF3A4ED83251}.Release|x64.ActiveCfg = Release|Any CPU
		{BB70AF68-FE47-4A2C-A1A3-BF3A4ED83251}.Release|x64.Build.0 = Release|Any CPU
		{BB70AF68-FE47-4A2C-A1A3-BF3A4ED83251}.Release|x86.ActiveCfg = Release|Any CPU
		{BB70AF68-FE47-4A2C-A1A3-BF3A4ED83251}.Release|x86.Build.0 = Release|Any CPU
		{55C8BE35-B770-4FFF-92F8-1FD1792150F7}.Debug|Any CPU.ActiveCfg = Debug|Any CPU
		{55C8BE35-B770-4FFF-92F8-1FD1792150F7}.Debug|Any CPU.Build.0 = Debug|Any CPU
		{55C8BE35-B770-4FFF-92F8-1FD1792150F7}.Debug|ARM.ActiveCfg = Debug|Any CPU
		{55C8BE35-B770-4FFF-92F8-1FD1792150F7}.Debug|ARM.Build.0 = Debug|Any CPU
		{55C8BE35-B770-4FFF-92F8-1FD1792150F7}.Debug|ARM64.ActiveCfg = Debug|Any CPU
		{55C8BE35-B770-4FFF-92F8-1FD1792150F7}.Debug|ARM64.Build.0 = Debug|Any CPU
		{55C8BE35-B770-4FFF-92F8-1FD1792150F7}.Debug|x64.ActiveCfg = Debug|Any CPU
		{55C8BE35-B770-4FFF-92F8-1FD1792150F7}.Debug|x64.Build.0 = Debug|Any CPU
		{55C8BE35-B770-4FFF-92F8-1FD1792150F7}.Debug|x86.ActiveCfg = Debug|Any CPU
		{55C8BE35-B770-4FFF-92F8-1FD1792150F7}.Debug|x86.Build.0 = Debug|Any CPU
		{55C8BE35-B770-4FFF-92F8-1FD1792150F7}.Release|Any CPU.ActiveCfg = Release|Any CPU
		{55C8BE35-B770-4FFF-92F8-1FD1792150F7}.Release|Any CPU.Build.0 = Release|Any CPU
		{55C8BE35-B770-4FFF-92F8-1FD1792150F7}.Release|ARM.ActiveCfg = Release|Any CPU
		{55C8BE35-B770-4FFF-92F8-1FD1792150F7}.Release|ARM.Build.0 = Release|Any CPU
		{55C8BE35-B770-4FFF-92F8-1FD1792150F7}.Release|ARM64.ActiveCfg = Release|Any CPU
		{55C8BE35-B770-4FFF-92F8-1FD1792150F7}.Release|ARM64.Build.0 = Release|Any CPU
		{55C8BE35-B770-4FFF-92F8-1FD1792150F7}.Release|x64.ActiveCfg = Release|Any CPU
		{55C8BE35-B770-4FFF-92F8-1FD1792150F7}.Release|x64.Build.0 = Release|Any CPU
		{55C8BE35-B770-4FFF-92F8-1FD1792150F7}.Release|x86.ActiveCfg = Release|Any CPU
		{55C8BE35-B770-4FFF-92F8-1FD1792150F7}.Release|x86.Build.0 = Release|Any CPU
		{BABA96A7-BEF2-450E-8502-11D36163B691}.Debug|Any CPU.ActiveCfg = Debug|Any CPU
		{BABA96A7-BEF2-450E-8502-11D36163B691}.Debug|Any CPU.Build.0 = Debug|Any CPU
		{BABA96A7-BEF2-450E-8502-11D36163B691}.Debug|ARM.ActiveCfg = Debug|Any CPU
		{BABA96A7-BEF2-450E-8502-11D36163B691}.Debug|ARM.Build.0 = Debug|Any CPU
		{BABA96A7-BEF2-450E-8502-11D36163B691}.Debug|ARM64.ActiveCfg = Debug|Any CPU
		{BABA96A7-BEF2-450E-8502-11D36163B691}.Debug|ARM64.Build.0 = Debug|Any CPU
		{BABA96A7-BEF2-450E-8502-11D36163B691}.Debug|x64.ActiveCfg = Debug|Any CPU
		{BABA96A7-BEF2-450E-8502-11D36163B691}.Debug|x64.Build.0 = Debug|Any CPU
		{BABA96A7-BEF2-450E-8502-11D36163B691}.Debug|x86.ActiveCfg = Debug|Any CPU
		{BABA96A7-BEF2-450E-8502-11D36163B691}.Debug|x86.Build.0 = Debug|Any CPU
		{BABA96A7-BEF2-450E-8502-11D36163B691}.Release|Any CPU.ActiveCfg = Release|Any CPU
		{BABA96A7-BEF2-450E-8502-11D36163B691}.Release|Any CPU.Build.0 = Release|Any CPU
		{BABA96A7-BEF2-450E-8502-11D36163B691}.Release|ARM.ActiveCfg = Release|Any CPU
		{BABA96A7-BEF2-450E-8502-11D36163B691}.Release|ARM.Build.0 = Release|Any CPU
		{BABA96A7-BEF2-450E-8502-11D36163B691}.Release|ARM64.ActiveCfg = Release|Any CPU
		{BABA96A7-BEF2-450E-8502-11D36163B691}.Release|ARM64.Build.0 = Release|Any CPU
		{BABA96A7-BEF2-450E-8502-11D36163B691}.Release|x64.ActiveCfg = Release|Any CPU
		{BABA96A7-BEF2-450E-8502-11D36163B691}.Release|x64.Build.0 = Release|Any CPU
		{BABA96A7-BEF2-450E-8502-11D36163B691}.Release|x86.ActiveCfg = Release|Any CPU
		{BABA96A7-BEF2-450E-8502-11D36163B691}.Release|x86.Build.0 = Release|Any CPU
		{F85D2EEC-5C85-4443-B046-769F511ACB6F}.Debug|Any CPU.ActiveCfg = Debug|Any CPU
		{F85D2EEC-5C85-4443-B046-769F511ACB6F}.Debug|Any CPU.Build.0 = Debug|Any CPU
		{F85D2EEC-5C85-4443-B046-769F511ACB6F}.Debug|ARM.ActiveCfg = Debug|Any CPU
		{F85D2EEC-5C85-4443-B046-769F511ACB6F}.Debug|ARM.Build.0 = Debug|Any CPU
		{F85D2EEC-5C85-4443-B046-769F511ACB6F}.Debug|ARM64.ActiveCfg = Debug|Any CPU
		{F85D2EEC-5C85-4443-B046-769F511ACB6F}.Debug|ARM64.Build.0 = Debug|Any CPU
		{F85D2EEC-5C85-4443-B046-769F511ACB6F}.Debug|x64.ActiveCfg = Debug|Any CPU
		{F85D2EEC-5C85-4443-B046-769F511ACB6F}.Debug|x64.Build.0 = Debug|Any CPU
		{F85D2EEC-5C85-4443-B046-769F511ACB6F}.Debug|x86.ActiveCfg = Debug|Any CPU
		{F85D2EEC-5C85-4443-B046-769F511ACB6F}.Debug|x86.Build.0 = Debug|Any CPU
		{F85D2EEC-5C85-4443-B046-769F511ACB6F}.Release|Any CPU.ActiveCfg = Release|Any CPU
		{F85D2EEC-5C85-4443-B046-769F511ACB6F}.Release|Any CPU.Build.0 = Release|Any CPU
		{F85D2EEC-5C85-4443-B046-769F511ACB6F}.Release|ARM.ActiveCfg = Release|Any CPU
		{F85D2EEC-5C85-4443-B046-769F511ACB6F}.Release|ARM.Build.0 = Release|Any CPU
		{F85D2EEC-5C85-4443-B046-769F511ACB6F}.Release|ARM64.ActiveCfg = Release|Any CPU
		{F85D2EEC-5C85-4443-B046-769F511ACB6F}.Release|ARM64.Build.0 = Release|Any CPU
		{F85D2EEC-5C85-4443-B046-769F511ACB6F}.Release|x64.ActiveCfg = Release|Any CPU
		{F85D2EEC-5C85-4443-B046-769F511ACB6F}.Release|x64.Build.0 = Release|Any CPU
		{F85D2EEC-5C85-4443-B046-769F511ACB6F}.Release|x86.ActiveCfg = Release|Any CPU
		{F85D2EEC-5C85-4443-B046-769F511ACB6F}.Release|x86.Build.0 = Release|Any CPU
		{271D2B72-58A4-4357-8856-54E41E6B8CB8}.Debug|Any CPU.ActiveCfg = Debug|Any CPU
		{271D2B72-58A4-4357-8856-54E41E6B8CB8}.Debug|Any CPU.Build.0 = Debug|Any CPU
		{271D2B72-58A4-4357-8856-54E41E6B8CB8}.Debug|Any CPU.Deploy.0 = Debug|Any CPU
		{271D2B72-58A4-4357-8856-54E41E6B8CB8}.Debug|ARM.ActiveCfg = Debug|ARM
		{271D2B72-58A4-4357-8856-54E41E6B8CB8}.Debug|ARM.Build.0 = Debug|ARM
		{271D2B72-58A4-4357-8856-54E41E6B8CB8}.Debug|ARM.Deploy.0 = Debug|ARM
		{271D2B72-58A4-4357-8856-54E41E6B8CB8}.Debug|ARM64.ActiveCfg = Debug|ARM64
		{271D2B72-58A4-4357-8856-54E41E6B8CB8}.Debug|ARM64.Build.0 = Debug|ARM64
		{271D2B72-58A4-4357-8856-54E41E6B8CB8}.Debug|ARM64.Deploy.0 = Debug|ARM64
		{271D2B72-58A4-4357-8856-54E41E6B8CB8}.Debug|x64.ActiveCfg = Debug|x64
		{271D2B72-58A4-4357-8856-54E41E6B8CB8}.Debug|x64.Build.0 = Debug|x64
		{271D2B72-58A4-4357-8856-54E41E6B8CB8}.Debug|x64.Deploy.0 = Debug|x64
		{271D2B72-58A4-4357-8856-54E41E6B8CB8}.Debug|x86.ActiveCfg = Debug|x86
		{271D2B72-58A4-4357-8856-54E41E6B8CB8}.Debug|x86.Build.0 = Debug|x86
		{271D2B72-58A4-4357-8856-54E41E6B8CB8}.Debug|x86.Deploy.0 = Debug|x86
		{271D2B72-58A4-4357-8856-54E41E6B8CB8}.Release|Any CPU.ActiveCfg = Release|Any CPU
		{271D2B72-58A4-4357-8856-54E41E6B8CB8}.Release|Any CPU.Build.0 = Release|Any CPU
		{271D2B72-58A4-4357-8856-54E41E6B8CB8}.Release|Any CPU.Deploy.0 = Release|Any CPU
		{271D2B72-58A4-4357-8856-54E41E6B8CB8}.Release|ARM.ActiveCfg = Release|ARM
		{271D2B72-58A4-4357-8856-54E41E6B8CB8}.Release|ARM.Build.0 = Release|ARM
		{271D2B72-58A4-4357-8856-54E41E6B8CB8}.Release|ARM.Deploy.0 = Release|ARM
		{271D2B72-58A4-4357-8856-54E41E6B8CB8}.Release|ARM64.ActiveCfg = Release|ARM64
		{271D2B72-58A4-4357-8856-54E41E6B8CB8}.Release|ARM64.Build.0 = Release|ARM64
		{271D2B72-58A4-4357-8856-54E41E6B8CB8}.Release|ARM64.Deploy.0 = Release|ARM64
		{271D2B72-58A4-4357-8856-54E41E6B8CB8}.Release|x64.ActiveCfg = Release|x64
		{271D2B72-58A4-4357-8856-54E41E6B8CB8}.Release|x64.Build.0 = Release|x64
		{271D2B72-58A4-4357-8856-54E41E6B8CB8}.Release|x64.Deploy.0 = Release|x64
		{271D2B72-58A4-4357-8856-54E41E6B8CB8}.Release|x86.ActiveCfg = Release|x86
		{271D2B72-58A4-4357-8856-54E41E6B8CB8}.Release|x86.Build.0 = Release|x86
		{271D2B72-58A4-4357-8856-54E41E6B8CB8}.Release|x86.Deploy.0 = Release|x86
	EndGlobalSection
	GlobalSection(SolutionProperties) = preSolution
		HideSolutionNode = FALSE
	EndGlobalSection
	GlobalSection(NestedProjects) = preSolution
		{61D2474A-EDC5-4792-A4E6-7E935856617A} = {F556CBD8-76F3-45A3-9619-8FB81FA64C22}
		{9ECB58D2-3790-4693-8A40-FF2584F263E6} = {F556CBD8-76F3-45A3-9619-8FB81FA64C22}
		{2F15C257-7E50-42B5-ADB4-7534B88F466B} = {F556CBD8-76F3-45A3-9619-8FB81FA64C22}
		{F6E4E1DF-ACC6-4DDE-912F-C6465CB3D393} = {F556CBD8-76F3-45A3-9619-8FB81FA64C22}
		{F37CC0C9-BFE1-4563-87D8-960FE630E601} = {A69D32C8-AA20-4871-858F-31D84193FA1C}
		{52E2ACD1-845A-41DC-8318-22A0A7274677} = {A69D32C8-AA20-4871-858F-31D84193FA1C}
	EndGlobalSection
	GlobalSection(ExtensibilityGlobals) = postSolution
		SolutionGuid = {BEB14EB2-578B-40D4-88D1-5B497F2967F4}
	EndGlobalSection
EndGlobal
